
Microsoft Visual Studio Solution File, Format Version 12.00
# Visual Studio Version 17
VisualStudioVersion = 17.0.32929.387
MinimumVisualStudioVersion = 10.0.40219.1
Project("{FAE04EC0-301F-11D3-BF4B-00C04F79EFBC}") = "CSD207_Project_System", "CSD207_Project_System.csproj", "{126A5BC1-71FF-46F0-B878-F55EF14C801C}"
EndProject
Project("{2150E333-8FDC-42A3-9474-1A3956D46DE8}") = "Solution Items", "Solution Items", "{A65C2997-2344-4598-AF9B-03DB83D19630}"
	ProjectSection(SolutionItems) = preProject
		.env = .env
		.gitignore = .gitignore
	EndProjectSection
EndProject
Global
	GlobalSection(SolutionConfigurationPlatforms) = preSolution
		Debug|Any CPU = Debug|Any CPU
		Release|Any CPU = Release|Any CPU
	EndGlobalSection
	GlobalSection(ProjectConfigurationPlatforms) = postSolution
		{126A5BC1-71FF-46F0-B878-F55EF14C801C}.Debug|Any CPU.ActiveCfg = Debug|Any CPU
		{126A5BC1-71FF-46F0-B878-F55EF14C801C}.Debug|Any CPU.Build.0 = Debug|Any CPU
		{126A5BC1-71FF-46F0-B878-F55EF14C801C}.Release|Any CPU.ActiveCfg = Release|Any CPU
		{126A5BC1-71FF-46F0-B878-F55EF14C801C}.Release|Any CPU.Build.0 = Release|Any CPU
	EndGlobalSection
	GlobalSection(SolutionProperties) = preSolution
		HideSolutionNode = FALSE
	EndGlobalSection
	GlobalSection(ExtensibilityGlobals) = postSolution
		SolutionGuid = {669CF917-8CB7-4489-86EF-0A15F44BA57D}
	EndGlobalSection
EndGlobal
